
Microsoft Visual Studio Solution File, Format Version 12.00
# Visual Studio Version 17
VisualStudioVersion = 17.4.33213.308
MinimumVisualStudioVersion = 10.0.40219.1
Project("{FAE04EC0-301F-11D3-BF4B-00C04F79EFBC}") = "PremiumAttendance", "PremiumAttendance\PremiumAttendance.csproj", "{1FC880A9-02BB-4CD4-8C54-5E2418C3F3E3}"
EndProject
Project("{FAE04EC0-301F-11D3-BF4B-00C04F79EFBC}") = "PremiumAttendanceTests", "PremiumAttendanceTests\PremiumAttendanceTests.csproj", "{9650397A-E670-406C-A5EF-B7CFAF1D5A4A}"
EndProject
Global
	GlobalSection(SolutionConfigurationPlatforms) = preSolution
		Debug|Any CPU = Debug|Any CPU
		Release|Any CPU = Release|Any CPU
	EndGlobalSection
	GlobalSection(ProjectConfigurationPlatforms) = postSolution
		{1FC880A9-02BB-4CD4-8C54-5E2418C3F3E3}.Debug|Any CPU.ActiveCfg = Debug|Any CPU
		{1FC880A9-02BB-4CD4-8C54-5E2418C3F3E3}.Debug|Any CPU.Build.0 = Debug|Any CPU
		{1FC880A9-02BB-4CD4-8C54-5E2418C3F3E3}.Release|Any CPU.ActiveCfg = Release|Any CPU
		{1FC880A9-02BB-4CD4-8C54-5E2418C3F3E3}.Release|Any CPU.Build.0 = Release|Any CPU
		{9650397A-E670-406C-A5EF-B7CFAF1D5A4A}.Debug|Any CPU.ActiveCfg = Debug|Any CPU
		{9650397A-E670-406C-A5EF-B7CFAF1D5A4A}.Debug|Any CPU.Build.0 = Debug|Any CPU
		{9650397A-E670-406C-A5EF-B7CFAF1D5A4A}.Release|Any CPU.ActiveCfg = Release|Any CPU
		{9650397A-E670-406C-A5EF-B7CFAF1D5A4A}.Release|Any CPU.Build.0 = Release|Any CPU
	EndGlobalSection
	GlobalSection(SolutionProperties) = preSolution
		HideSolutionNode = FALSE
	EndGlobalSection
	GlobalSection(ExtensibilityGlobals) = postSolution
		SolutionGuid = {63D33CC0-B473-4930-90BA-CC4531500F31}
	EndGlobalSection
EndGlobal
